
Microsoft Visual Studio Solution File, Format Version 12.00
# Visual Studio Version 17
VisualStudioVersion = 17.14.36301.6 d17.14
MinimumVisualStudioVersion = 10.0.40219.1
Project("{54A90642-561A-4BB1-A94E-469ADEE60C69}") = "libraryapp1.client", "libraryapp1.client\libraryapp1.client.esproj", "{7ECC3251-3D85-C231-E798-9DC35D2F4281}"
EndProject
Project("{FAE04EC0-301F-11D3-BF4B-00C04F79EFBC}") = "LibraryApp1.Server", "LibraryApp1.Server\LibraryApp1.Server.csproj", "{12A1B681-B52C-408C-B474-8A319707E35C}"
EndProject
Global
	GlobalSection(SolutionConfigurationPlatforms) = preSolution
		Debug|Any CPU = Debug|Any CPU
		Release|Any CPU = Release|Any CPU
	EndGlobalSection
	GlobalSection(ProjectConfigurationPlatforms) = postSolution
		{7ECC3251-3D85-C231-E798-9DC35D2F4281}.Debug|Any CPU.ActiveCfg = Debug|Any CPU
		{7ECC3251-3D85-C231-E798-9DC35D2F4281}.Debug|Any CPU.Build.0 = Debug|Any CPU
		{7ECC3251-3D85-C231-E798-9DC35D2F4281}.Debug|Any CPU.Deploy.0 = Debug|Any CPU
		{7ECC3251-3D85-C231-E798-9DC35D2F4281}.Release|Any CPU.ActiveCfg = Release|Any CPU
		{7ECC3251-3D85-C231-E798-9DC35D2F4281}.Release|Any CPU.Build.0 = Release|Any CPU
		{7ECC3251-3D85-C231-E798-9DC35D2F4281}.Release|Any CPU.Deploy.0 = Release|Any CPU
		{12A1B681-B52C-408C-B474-8A319707E35C}.Debug|Any CPU.ActiveCfg = Debug|Any CPU
		{12A1B681-B52C-408C-B474-8A319707E35C}.Debug|Any CPU.Build.0 = Debug|Any CPU
		{12A1B681-B52C-408C-B474-8A319707E35C}.Release|Any CPU.ActiveCfg = Release|Any CPU
		{12A1B681-B52C-408C-B474-8A319707E35C}.Release|Any CPU.Build.0 = Release|Any CPU
	EndGlobalSection
	GlobalSection(SolutionProperties) = preSolution
		HideSolutionNode = FALSE
	EndGlobalSection
	GlobalSection(ExtensibilityGlobals) = postSolution
		SolutionGuid = {2DD795FC-5A49-40C2-AD73-D778836FA389}
	EndGlobalSection
EndGlobal
